{
  "version": 4,
  "terraform_version": "1.9.8",
  "serial": 29,
  "lineage": "cda85ea3-97b2-8cfa-5d77-e294d23a0497",
  "outputs": {
    "alb-dns_name": {
      "value": "alb-tcc-420166737.us-east-1.elb.amazonaws.com",
      "type": "string"
    },
    "s3-original": {
      "value": "imagem-original-5ab0d19b",
      "type": "string"
    },
    "s3-reconhecida": {
      "value": "imagem-reconhecida-5ab0d19b",
      "type": "string"
    },
    "s3-tratada": {
      "value": "imagem-tratada-5ab0d19b",
      "type": "string"
    }
  },
  "resources": [
    {
      "mode": "data",
      "type": "archive_file",
      "name": "lambda-fluxo_tratamento",
      "provider": "provider[\"registry.terraform.io/hashicorp/archive\"]",
      "instances": [
        {
          "schema_version": 0,
          "attributes": {
            "exclude_symlink_directories": null,
            "excludes": null,
            "id": "a535966da484bec56c69835d8967f9881b2ed569",
            "output_base64sha256": "5w4UZh47mzVPRQJQSN49BlahwITwcBCKr+mj+HghJ7o=",
            "output_base64sha512": "Am/Q5+BiMyUyhaaf76xAbUa8R0jsTNDm7t93HTeITo2VbvX1KUf4mPoK3QPbSLIpfcNzKbz18myktyIt1OBxUA==",
            "output_file_mode": null,
            "output_md5": "19dc7bf643f4f309834a999be77d5b7c",
            "output_path": "lambda_files/fluxo_tratamento.zip",
            "output_sha": "a535966da484bec56c69835d8967f9881b2ed569",
            "output_sha256": "e70e14661e3b9b354f45025048de3d0656a1c084f070108aafe9a3f8782127ba",
            "output_sha512": "026fd0e7e06233253285a69fefac406d46bc4748ec4cd0e6eedf771d37884e8d956ef5f52947f898fa0add03db48b2297dc37329bcf5f26ca4b7222dd4e07150",
            "output_size": 836,
            "source": [],
            "source_content": null,
            "source_content_filename": null,
            "source_dir": null,
            "source_file": "scripts/fluxo_tratamento.py",
            "type": "zip"
          },
          "sensitive_attributes": []
        }
      ]
    },
    {
      "mode": "data",
      "type": "archive_file",
      "name": "lambda-trigger_envio_modelo",
      "provider": "provider[\"registry.terraform.io/hashicorp/archive\"]",
      "instances": [
        {
          "schema_version": 0,
          "attributes": {
            "exclude_symlink_directories": null,
            "excludes": null,
            "id": "77f24e392c5614092fe6c76e0bf259ba5a9b8265",
            "output_base64sha256": "EajfQvoAJsTrw1ol4S9qC9CedUrAIcsCUYjIZoX1H3w=",
            "output_base64sha512": "u9vNQb8L39U9buI/BSPWQs51a6pa/VYjmjOvu+L/rc/t7Dc0KskP+56AkQxfGDo2CX7UB2SzNZR+2oOnaPQ85g==",
            "output_file_mode": null,
            "output_md5": "19c8a79a3ff36d61815a3bf649e9c325",
            "output_path": "lambda_files/trigger_envio_modelo.zip",
            "output_sha": "77f24e392c5614092fe6c76e0bf259ba5a9b8265",
            "output_sha256": "11a8df42fa0026c4ebc35a25e12f6a0bd09e754ac021cb025188c86685f51f7c",
            "output_sha512": "bbdbcd41bf0bdfd53d6ee23f0523d642ce756baa5afd56239a33afbbe2ffadcfedec37342ac90ffb9e80910c5f183a36097ed40764b335947eda83a768f43ce6",
            "output_size": 677,
            "source": [],
            "source_content": null,
            "source_content_filename": null,
            "source_dir": null,
            "source_file": "scripts/trigger_envio_modelo.py",
            "type": "zip"
          },
          "sensitive_attributes": []
        }
      ]
    },
    {
      "mode": "managed",
      "type": "aws_instance",
      "name": "ec2-reconhece_lixo",
      "provider": "provider[\"registry.terraform.io/hashicorp/aws\"]",
      "instances": [
        {
          "schema_version": 1,
          "attributes": {
            "ami": "ami-0ecb62995f68bb549",
            "arn": "arn:aws:ec2:us-east-1:142712539440:instance/i-00e776fd7bd85e7c4",
            "associate_public_ip_address": true,
            "availability_zone": "us-east-1a",
            "capacity_reservation_specification": [
              {
                "capacity_reservation_preference": "open",
                "capacity_reservation_target": []
              }
            ],
            "cpu_core_count": 1,
            "cpu_options": [
              {
                "amd_sev_snp": "",
                "core_count": 1,
                "threads_per_core": 2
              }
            ],
            "cpu_threads_per_core": 2,
            "credit_specification": [
              {
                "cpu_credits": "unlimited"
              }
            ],
            "disable_api_stop": false,
            "disable_api_termination": false,
            "ebs_block_device": [],
            "ebs_optimized": false,
            "enable_primary_ipv6": null,
            "enclave_options": [
              {
                "enabled": false
              }
            ],
            "ephemeral_block_device": [],
            "get_password_data": false,
            "hibernation": false,
            "host_id": "",
            "host_resource_group_arn": null,
            "iam_instance_profile": "",
            "id": "i-00e776fd7bd85e7c4",
            "instance_initiated_shutdown_behavior": "stop",
            "instance_lifecycle": "",
            "instance_market_options": [],
            "instance_state": "running",
            "instance_type": "t3.micro",
            "ipv6_address_count": 0,
            "ipv6_addresses": [],
            "key_name": "tcc-key",
            "launch_template": [],
            "maintenance_options": [
              {
                "auto_recovery": "default"
              }
            ],
            "metadata_options": [
              {
                "http_endpoint": "enabled",
                "http_protocol_ipv6": "disabled",
                "http_put_response_hop_limit": 2,
                "http_tokens": "required",
                "instance_metadata_tags": "disabled"
              }
            ],
            "monitoring": false,
            "network_interface": [],
            "outpost_arn": "",
            "password_data": "",
            "placement_group": "",
            "placement_partition_number": 0,
            "primary_network_interface_id": "eni-0468395452bccede8",
            "private_dns": "ip-10-0-0-12.ec2.internal",
            "private_dns_name_options": [
              {
                "enable_resource_name_dns_a_record": false,
                "enable_resource_name_dns_aaaa_record": false,
                "hostname_type": "ip-name"
              }
            ],
            "private_ip": "10.0.0.12",
            "public_dns": "ec2-3-87-179-92.compute-1.amazonaws.com",
            "public_ip": "3.87.179.92",
            "root_block_device": [
              {
                "delete_on_termination": true,
                "device_name": "/dev/sda1",
                "encrypted": false,
                "iops": 3000,
                "kms_key_id": "",
                "tags": {},
                "tags_all": {},
                "throughput": 125,
                "volume_id": "vol-028523b1b186d9425",
                "volume_size": 8,
                "volume_type": "gp3"
              }
            ],
            "secondary_private_ips": [],
            "security_groups": [],
            "source_dest_check": true,
            "spot_instance_request_id": "",
            "subnet_id": "subnet-0f4a41aa9956a7e14",
            "tags": {
              "Environment": "prod",
              "Name": "reconhece-lixo",
              "Product": "tcc"
            },
            "tags_all": {
              "Environment": "prod",
              "Name": "reconhece-lixo",
              "Product": "tcc"
            },
            "tenancy": "default",
            "timeouts": null,
            "user_data": "fa22ebb334f995e8a93ffaec967230c7f08e820f",
            "user_data_base64": null,
            "user_data_replace_on_change": false,
            "volume_tags": null,
            "vpc_security_group_ids": [
              "sg-0f2cd725843e919b6"
            ]
          },
          "sensitive_attributes": [],
          "private": "eyJlMmJmYjczMC1lY2FhLTExZTYtOGY4OC0zNDM2M2JjN2M0YzAiOnsiY3JlYXRlIjo2MDAwMDAwMDAwMDAsImRlbGV0ZSI6MTIwMDAwMDAwMDAwMCwicmVhZCI6OTAwMDAwMDAwMDAwLCJ1cGRhdGUiOjYwMDAwMDAwMDAwMH0sInNjaGVtYV92ZXJzaW9uIjoiMSJ9",
          "dependencies": [
            "aws_key_pair.tcc_key",
            "aws_s3_bucket.s3-reconhecida",
            "aws_security_group.sg-backend",
            "aws_subnet.public-tcc-east_1a",
            "aws_vpc.vpc-tcc",
            "random_id.suffix"
          ]
        }
      ]
    },
    {
      "mode": "managed",
      "type": "aws_instance",
      "name": "ec2-tcc_gateway",
      "provider": "provider[\"registry.terraform.io/hashicorp/aws\"]",
      "instances": [
        {
          "schema_version": 1,
          "attributes": {
            "ami": "ami-0ecb62995f68bb549",
            "arn": "arn:aws:ec2:us-east-1:142712539440:instance/i-0df2880eca832cc93",
            "associate_public_ip_address": true,
            "availability_zone": "us-east-1b",
            "capacity_reservation_specification": [
              {
                "capacity_reservation_preference": "open",
                "capacity_reservation_target": []
              }
            ],
            "cpu_core_count": 1,
            "cpu_options": [
              {
                "amd_sev_snp": "",
                "core_count": 1,
                "threads_per_core": 2
              }
            ],
            "cpu_threads_per_core": 2,
            "credit_specification": [
              {
                "cpu_credits": "unlimited"
              }
            ],
            "disable_api_stop": false,
            "disable_api_termination": false,
            "ebs_block_device": [],
            "ebs_optimized": false,
            "enable_primary_ipv6": null,
            "enclave_options": [
              {
                "enabled": false
              }
            ],
            "ephemeral_block_device": [],
            "get_password_data": false,
            "hibernation": false,
            "host_id": "",
            "host_resource_group_arn": null,
            "iam_instance_profile": "",
            "id": "i-0df2880eca832cc93",
            "instance_initiated_shutdown_behavior": "stop",
            "instance_lifecycle": "",
            "instance_market_options": [],
            "instance_state": "running",
            "instance_type": "t3.micro",
            "ipv6_address_count": 0,
            "ipv6_addresses": [],
            "key_name": "tcc-key",
            "launch_template": [],
            "maintenance_options": [
              {
                "auto_recovery": "default"
              }
            ],
            "metadata_options": [
              {
                "http_endpoint": "enabled",
                "http_protocol_ipv6": "disabled",
                "http_put_response_hop_limit": 2,
                "http_tokens": "required",
                "instance_metadata_tags": "disabled"
              }
            ],
            "monitoring": false,
            "network_interface": [],
            "outpost_arn": "",
            "password_data": "",
            "placement_group": "",
            "placement_partition_number": 0,
            "primary_network_interface_id": "eni-07478c8383f7ef518",
            "private_dns": "ip-10-1-0-7.ec2.internal",
            "private_dns_name_options": [
              {
                "enable_resource_name_dns_a_record": false,
                "enable_resource_name_dns_aaaa_record": false,
                "hostname_type": "ip-name"
              }
            ],
            "private_ip": "10.1.0.7",
            "public_dns": "ec2-3-235-1-213.compute-1.amazonaws.com",
            "public_ip": "3.235.1.213",
            "root_block_device": [
              {
                "delete_on_termination": true,
                "device_name": "/dev/sda1",
                "encrypted": false,
                "iops": 3000,
                "kms_key_id": "",
                "tags": {},
                "tags_all": {},
                "throughput": 125,
                "volume_id": "vol-0ac0ec4215cbbcd67",
                "volume_size": 8,
                "volume_type": "gp3"
              }
            ],
            "secondary_private_ips": [],
            "security_groups": [],
            "source_dest_check": true,
            "spot_instance_request_id": "",
            "subnet_id": "subnet-03a9d15625129f033",
            "tags": {
              "Environment": "prod",
              "Name": "tcc-gateway",
              "Product": "tcc"
            },
            "tags_all": {
              "Environment": "prod",
              "Name": "tcc-gateway",
              "Product": "tcc"
            },
            "tenancy": "default",
            "timeouts": null,
            "user_data": "c31255f4aa3e2378ecd94cc94fd7a4578873ea25",
            "user_data_base64": null,
            "user_data_replace_on_change": false,
            "volume_tags": null,
            "vpc_security_group_ids": [
              "sg-0f2cd725843e919b6"
            ]
          },
          "sensitive_attributes": [],
          "private": "eyJlMmJmYjczMC1lY2FhLTExZTYtOGY4OC0zNDM2M2JjN2M0YzAiOnsiY3JlYXRlIjo2MDAwMDAwMDAwMDAsImRlbGV0ZSI6MTIwMDAwMDAwMDAwMCwicmVhZCI6OTAwMDAwMDAwMDAwLCJ1cGRhdGUiOjYwMDAwMDAwMDAwMH0sInNjaGVtYV92ZXJzaW9uIjoiMSJ9",
          "dependencies": [
            "aws_key_pair.tcc_key",
            "aws_s3_bucket.s3-original",
            "aws_security_group.sg-backend",
            "aws_subnet.public-tcc-east_1b",
            "aws_vpc.vpc-tcc",
            "aws_vpc_ipv4_cidr_block_association.vpc-tcc_additional_cidr",
            "random_id.suffix"
          ]
        }
      ]
    },
    {
      "mode": "managed",
      "type": "aws_internet_gateway",
      "name": "igw-tcc",
      "provider": "provider[\"registry.terraform.io/hashicorp/aws\"]",
      "instances": [
        {
          "schema_version": 0,
          "attributes": {
            "arn": "arn:aws:ec2:us-east-1:142712539440:internet-gateway/igw-04233b2f9d54ff03a",
            "id": "igw-04233b2f9d54ff03a",
            "owner_id": "142712539440",
            "tags": {
              "Environment": "prod",
              "Name": "igw-tcc",
              "Product": "tcc"
            },
            "tags_all": {
              "Environment": "prod",
              "Name": "igw-tcc",
              "Product": "tcc"
            },
            "timeouts": null,
            "vpc_id": "vpc-054265500b103adc4"
          },
          "sensitive_attributes": [],
          "private": "eyJlMmJmYjczMC1lY2FhLTExZTYtOGY4OC0zNDM2M2JjN2M0YzAiOnsiY3JlYXRlIjoxMjAwMDAwMDAwMDAwLCJkZWxldGUiOjEyMDAwMDAwMDAwMDAsInVwZGF0ZSI6MTIwMDAwMDAwMDAwMH19",
          "dependencies": [
            "aws_vpc.vpc-tcc"
          ]
        }
      ]
    },
    {
      "mode": "managed",
      "type": "aws_key_pair",
      "name": "tcc_key",
      "provider": "provider[\"registry.terraform.io/hashicorp/aws\"]",
      "instances": [
        {
          "schema_version": 1,
          "attributes": {
            "arn": "arn:aws:ec2:us-east-1:142712539440:key-pair/tcc-key",
            "fingerprint": "64:af:92:24:84:a0:0f:85:ea:5c:03:ed:5c:28:41:87",
            "id": "tcc-key",
            "key_name": "tcc-key",
            "key_name_prefix": "",
            "key_pair_id": "key-0bf20e56593044d0f",
            "key_type": "rsa",
            "public_key": "ssh-rsa AAAAB3NzaC1yc2EAAAADAQABAAACAQC6yaVSF1OP/yAuNg5hpEg0aI8YSb/6rXP/O5EdC5uWWOl7kOPw0MDzKdueViGjNvD2N3BzETQhXsG5wHIJEUsRteQf9i0quypKTuyP9a3rOx5gtslZVtlzItdBujdG1aJU3TrqMSD10vq6VtRODw0Rjgvoso3AjVr8EmdkLZZrotsSY8KPNN7Kw3lx7DyIXzlS/Tvj31apUguCByquobjdLm0Plo8YyN8JphmMkbW4B1GdePCdYBDfIQHAZHBUKaS1AEQXYVyPB1S7EkuPUiLeWGDtjWN0Pr3cDu8VZjzS0hAKjcat31eMT+xBzdZOwjgJI5SyIMtdtTEEwS0vXLe5dLvSRraVVohLRt6ldHtYLpi1X6y9yMblbnYH1BLQ3mdGAjgq3KxU31FG76HiS/zB9+GnOXBO3wDgtCSBnYteKS1RRb4Uoqc/YoY8b+jJwWaHQIxZecyJgGg8WMwi4BbRNhcXgc1mBlzdG+NWEKMrG5bXjeDJwySqq9mU5b/Tww4bUclAJ/vGT309ACkdjr0o6eU15apgzgOGMK3BnUVdXNxKM83vTdTVvYo8J/l4DKMgUHBINhZnxP9nxk9u85TTjiGmRtsRM+d5AqT40gwc7NbV6OYtAkzIp9cETSJGFbjYnuu085x7NTZFHtIE71XrdLnryHi1cQZQNW44GdjD8Q== usuario@Jiripoca",
            "tags": {},
            "tags_all": {}
          },
          "sensitive_attributes": [],
          "private": "eyJzY2hlbWFfdmVyc2lvbiI6IjEifQ=="
        }
      ]
    },
    {
      "mode": "managed",
      "type": "aws_lambda_function",
      "name": "lambda-fluxo_tratamento",
      "provider": "provider[\"registry.terraform.io/hashicorp/aws\"]",
      "instances": [
        {
          "schema_version": 0,
          "attributes": {
            "architectures": [
              "x86_64"
            ],
            "arn": "arn:aws:lambda:us-east-1:142712539440:function:tratar_imagem_fluxo",
            "code_sha256": "5w4UZh47mzVPRQJQSN49BlahwITwcBCKr+mj+HghJ7o=",
            "code_signing_config_arn": "",
            "dead_letter_config": [],
            "description": "",
            "environment": [
              {
                "variables": {
                  "BUCKET_DESTINO": "imagem-tratada-5ab0d19b"
                }
              }
            ],
            "ephemeral_storage": [
              {
                "size": 512
              }
            ],
            "file_system_config": [],
            "filename": "lambda_files/fluxo_tratamento.zip",
            "function_name": "tratar_imagem_fluxo",
            "handler": "lambda_function.lambda_handler",
            "id": "tratar_imagem_fluxo",
            "image_config": [],
            "image_uri": "",
            "invoke_arn": "arn:aws:apigateway:us-east-1:lambda:path/2015-03-31/functions/arn:aws:lambda:us-east-1:142712539440:function:tratar_imagem_fluxo/invocations",
            "kms_key_arn": "",
            "last_modified": "2025-11-21T21:30:31.835+0000",
            "layers": [
              "arn:aws:lambda:us-east-1:770693421928:layer:Klayers-p312-boto3:22",
              "arn:aws:lambda:us-east-1:770693421928:layer:Klayers-p312-Pillow:7"
            ],
            "logging_config": [
              {
                "application_log_level": "",
                "log_format": "Text",
                "log_group": "/aws/lambda/tratar_imagem_fluxo",
                "system_log_level": ""
              }
            ],
            "memory_size": 128,
            "package_type": "Zip",
            "publish": false,
            "qualified_arn": "arn:aws:lambda:us-east-1:142712539440:function:tratar_imagem_fluxo:$LATEST",
            "qualified_invoke_arn": "arn:aws:apigateway:us-east-1:lambda:path/2015-03-31/functions/arn:aws:lambda:us-east-1:142712539440:function:tratar_imagem_fluxo:$LATEST/invocations",
            "replace_security_groups_on_destroy": null,
            "replacement_security_group_ids": null,
            "reserved_concurrent_executions": -1,
            "role": "arn:aws:iam::142712539440:role/LabRole",
            "runtime": "python3.12",
            "s3_bucket": null,
            "s3_key": null,
            "s3_object_version": null,
            "signing_job_arn": "",
            "signing_profile_version_arn": "",
            "skip_destroy": false,
            "snap_start": [],
            "source_code_hash": "",
            "source_code_size": 836,
            "tags": {},
            "tags_all": {},
            "timeout": 3,
            "timeouts": null,
            "tracing_config": [
              {
                "mode": "PassThrough"
              }
            ],
            "version": "$LATEST",
            "vpc_config": [
              {
                "ipv6_allowed_for_dual_stack": false,
                "security_group_ids": [
                  "sg-087fcee0256090f19"
                ],
                "subnet_ids": [
                  "subnet-03a9d15625129f033",
                  "subnet-0f4a41aa9956a7e14"
                ],
                "vpc_id": "vpc-054265500b103adc4"
              }
            ]
          },
          "sensitive_attributes": [
            [
              {
                "type": "get_attr",
                "value": "role"
              }
            ]
          ],
          "private": "eyJlMmJmYjczMC1lY2FhLTExZTYtOGY4OC0zNDM2M2JjN2M0YzAiOnsiY3JlYXRlIjo2MDAwMDAwMDAwMDAsImRlbGV0ZSI6NjAwMDAwMDAwMDAwLCJ1cGRhdGUiOjYwMDAwMDAwMDAwMH19",
          "dependencies": [
            "aws_s3_bucket.s3-tratada",
            "aws_security_group.sg-lambda",
            "aws_subnet.public-tcc-east_1a",
            "aws_subnet.public-tcc-east_1b",
            "aws_vpc.vpc-tcc",
            "aws_vpc_ipv4_cidr_block_association.vpc-tcc_additional_cidr",
            "data.archive_file.lambda-fluxo_tratamento",
            "random_id.suffix"
          ]
        }
      ]
    },
    {
      "mode": "managed",
      "type": "aws_lambda_function",
      "name": "lambda-trigger_envio_modelo",
      "provider": "provider[\"registry.terraform.io/hashicorp/aws\"]",
      "instances": [
        {
          "schema_version": 0,
          "attributes": {
            "architectures": [
              "x86_64"
            ],
            "arn": "arn:aws:lambda:us-east-1:142712539440:function:trigger_envio_modelo",
            "code_sha256": "EajfQvoAJsTrw1ol4S9qC9CedUrAIcsCUYjIZoX1H3w=",
            "code_signing_config_arn": "",
            "dead_letter_config": [],
            "description": "",
            "environment": [
              {
                "variables": {
                  "ENDPOINT_MODELO": "http://10.0.0.12:80/api/reconhece/v1"
                }
              }
            ],
            "ephemeral_storage": [
              {
                "size": 512
              }
            ],
            "file_system_config": [],
            "filename": "lambda_files/trigger_envio_modelo.zip",
            "function_name": "trigger_envio_modelo",
            "handler": "lambda_function.lambda_handler",
            "id": "trigger_envio_modelo",
            "image_config": [],
            "image_uri": "",
            "invoke_arn": "arn:aws:apigateway:us-east-1:lambda:path/2015-03-31/functions/arn:aws:lambda:us-east-1:142712539440:function:trigger_envio_modelo/invocations",
            "kms_key_arn": "",
            "last_modified": "2025-11-21T21:51:47.819+0000",
            "layers": [
              "arn:aws:lambda:us-east-1:770693421928:layer:Klayers-p312-boto3:22"
            ],
            "logging_config": [
              {
                "application_log_level": "",
                "log_format": "Text",
                "log_group": "/aws/lambda/trigger_envio_modelo",
                "system_log_level": ""
              }
            ],
            "memory_size": 128,
            "package_type": "Zip",
            "publish": false,
            "qualified_arn": "arn:aws:lambda:us-east-1:142712539440:function:trigger_envio_modelo:$LATEST",
            "qualified_invoke_arn": "arn:aws:apigateway:us-east-1:lambda:path/2015-03-31/functions/arn:aws:lambda:us-east-1:142712539440:function:trigger_envio_modelo:$LATEST/invocations",
            "replace_security_groups_on_destroy": null,
            "replacement_security_group_ids": null,
            "reserved_concurrent_executions": -1,
            "role": "arn:aws:iam::142712539440:role/LabRole",
            "runtime": "python3.12",
            "s3_bucket": null,
            "s3_key": null,
            "s3_object_version": null,
            "signing_job_arn": "",
            "signing_profile_version_arn": "",
            "skip_destroy": false,
            "snap_start": [],
            "source_code_hash": "",
            "source_code_size": 677,
            "tags": null,
            "tags_all": {},
            "timeout": 3,
            "timeouts": null,
            "tracing_config": [
              {
                "mode": "PassThrough"
              }
            ],
            "version": "$LATEST",
            "vpc_config": [
              {
                "ipv6_allowed_for_dual_stack": false,
                "security_group_ids": [
                  "sg-087fcee0256090f19"
                ],
                "subnet_ids": [
                  "subnet-03a9d15625129f033",
                  "subnet-0f4a41aa9956a7e14"
                ],
                "vpc_id": "vpc-054265500b103adc4"
              }
            ]
          },
          "sensitive_attributes": [
            [
              {
                "type": "get_attr",
                "value": "role"
              }
            ]
          ],
          "private": "eyJlMmJmYjczMC1lY2FhLTExZTYtOGY4OC0zNDM2M2JjN2M0YzAiOnsiY3JlYXRlIjo2MDAwMDAwMDAwMDAsImRlbGV0ZSI6NjAwMDAwMDAwMDAwLCJ1cGRhdGUiOjYwMDAwMDAwMDAwMH19",
          "dependencies": [
            "aws_instance.ec2-reconhece_lixo",
            "aws_key_pair.tcc_key",
            "aws_s3_bucket.s3-reconhecida",
            "aws_security_group.sg-backend",
            "aws_security_group.sg-lambda",
            "aws_subnet.public-tcc-east_1a",
            "aws_subnet.public-tcc-east_1b",
            "aws_vpc.vpc-tcc",
            "aws_vpc_ipv4_cidr_block_association.vpc-tcc_additional_cidr",
            "data.archive_file.lambda-trigger_envio_modelo",
            "random_id.suffix"
          ]
        }
      ]
    },
    {
      "mode": "managed",
      "type": "aws_lambda_permission",
      "name": "allow_s3_original",
      "provider": "provider[\"registry.terraform.io/hashicorp/aws\"]",
      "instances": [
        {
          "schema_version": 0,
          "attributes": {
            "action": "lambda:InvokeFunction",
            "event_source_token": null,
            "function_name": "tratar_imagem_fluxo",
            "function_url_auth_type": null,
            "id": "AllowS3InvokeOriginal",
            "principal": "s3.amazonaws.com",
            "principal_org_id": null,
            "qualifier": "",
            "source_account": null,
            "source_arn": "arn:aws:s3:::imagem-original-5ab0d19b",
            "statement_id": "AllowS3InvokeOriginal",
            "statement_id_prefix": ""
          },
          "sensitive_attributes": [],
          "private": "bnVsbA==",
          "dependencies": [
            "aws_lambda_function.lambda-fluxo_tratamento",
            "aws_s3_bucket.s3-original",
            "aws_s3_bucket.s3-tratada",
            "aws_security_group.sg-lambda",
            "aws_subnet.public-tcc-east_1a",
            "aws_subnet.public-tcc-east_1b",
            "aws_vpc.vpc-tcc",
            "aws_vpc_ipv4_cidr_block_association.vpc-tcc_additional_cidr",
            "data.archive_file.lambda-fluxo_tratamento",
            "random_id.suffix"
          ]
        }
      ]
    },
    {
      "mode": "managed",
      "type": "aws_lb",
      "name": "lb-tcc",
      "provider": "provider[\"registry.terraform.io/hashicorp/aws\"]",
      "instances": [
        {
          "schema_version": 0,
          "attributes": {
            "access_logs": [
              {
                "bucket": "",
                "enabled": false,
                "prefix": ""
              }
            ],
            "arn": "arn:aws:elasticloadbalancing:us-east-1:142712539440:loadbalancer/app/alb-tcc/b4cb105bc9dd989d",
            "arn_suffix": "app/alb-tcc/b4cb105bc9dd989d",
            "client_keep_alive": 3600,
            "connection_logs": [
              {
                "bucket": "",
                "enabled": false,
                "prefix": ""
              }
            ],
            "customer_owned_ipv4_pool": "",
            "desync_mitigation_mode": "defensive",
            "dns_name": "alb-tcc-420166737.us-east-1.elb.amazonaws.com",
            "dns_record_client_routing_policy": null,
            "drop_invalid_header_fields": false,
            "enable_cross_zone_load_balancing": true,
            "enable_deletion_protection": false,
            "enable_http2": true,
            "enable_tls_version_and_cipher_suite_headers": false,
            "enable_waf_fail_open": false,
            "enable_xff_client_port": false,
            "enable_zonal_shift": false,
            "enforce_security_group_inbound_rules_on_private_link_traffic": "",
            "id": "arn:aws:elasticloadbalancing:us-east-1:142712539440:loadbalancer/app/alb-tcc/b4cb105bc9dd989d",
            "idle_timeout": 60,
            "internal": false,
            "ip_address_type": "ipv4",
            "ipam_pools": [],
            "load_balancer_type": "application",
            "minimum_load_balancer_capacity": [],
            "name": "alb-tcc",
            "name_prefix": "",
            "preserve_host_header": false,
            "security_groups": [
              "sg-0f2cd725843e919b6"
            ],
            "subnet_mapping": [
              {
                "allocation_id": "",
                "ipv6_address": "",
                "outpost_id": "",
                "private_ipv4_address": "",
                "subnet_id": "subnet-03a9d15625129f033"
              },
              {
                "allocation_id": "",
                "ipv6_address": "",
                "outpost_id": "",
                "private_ipv4_address": "",
                "subnet_id": "subnet-0f4a41aa9956a7e14"
              }
            ],
            "subnets": [
              "subnet-03a9d15625129f033",
              "subnet-0f4a41aa9956a7e14"
            ],
            "tags": null,
            "tags_all": {},
            "timeouts": null,
            "vpc_id": "vpc-054265500b103adc4",
            "xff_header_processing_mode": "append",
            "zone_id": "Z35SXDOTRQ7X7K"
          },
          "sensitive_attributes": [],
          "private": "eyJlMmJmYjczMC1lY2FhLTExZTYtOGY4OC0zNDM2M2JjN2M0YzAiOnsiY3JlYXRlIjo2MDAwMDAwMDAwMDAsImRlbGV0ZSI6NjAwMDAwMDAwMDAwLCJ1cGRhdGUiOjYwMDAwMDAwMDAwMH19",
          "dependencies": [
            "aws_security_group.sg-backend",
            "aws_subnet.public-tcc-east_1a",
            "aws_subnet.public-tcc-east_1b",
            "aws_vpc.vpc-tcc",
            "aws_vpc_ipv4_cidr_block_association.vpc-tcc_additional_cidr"
          ]
        }
      ]
    },
    {
      "mode": "managed",
      "type": "aws_lb_listener",
      "name": "listener-tcc",
      "provider": "provider[\"registry.terraform.io/hashicorp/aws\"]",
      "instances": [
        {
          "schema_version": 0,
          "attributes": {
            "alpn_policy": null,
            "arn": "arn:aws:elasticloadbalancing:us-east-1:142712539440:listener/app/alb-tcc/b4cb105bc9dd989d/e8a2dc4a86aacc92",
            "certificate_arn": null,
            "default_action": [
              {
                "authenticate_cognito": [],
                "authenticate_oidc": [],
                "fixed_response": [],
                "forward": [],
                "order": 1,
                "redirect": [],
                "target_group_arn": "arn:aws:elasticloadbalancing:us-east-1:142712539440:targetgroup/tcc-target-group/5586db0feaa44252",
                "type": "forward"
              }
            ],
            "id": "arn:aws:elasticloadbalancing:us-east-1:142712539440:listener/app/alb-tcc/b4cb105bc9dd989d/e8a2dc4a86aacc92",
            "load_balancer_arn": "arn:aws:elasticloadbalancing:us-east-1:142712539440:loadbalancer/app/alb-tcc/b4cb105bc9dd989d",
            "mutual_authentication": [],
            "port": 80,
            "protocol": "HTTP",
            "routing_http_request_x_amzn_mtls_clientcert_header_name": null,
            "routing_http_request_x_amzn_mtls_clientcert_issuer_header_name": null,
            "routing_http_request_x_amzn_mtls_clientcert_leaf_header_name": null,
            "routing_http_request_x_amzn_mtls_clientcert_serial_number_header_name": null,
            "routing_http_request_x_amzn_mtls_clientcert_subject_header_name": null,
            "routing_http_request_x_amzn_mtls_clientcert_validity_header_name": null,
            "routing_http_request_x_amzn_tls_cipher_suite_header_name": null,
            "routing_http_request_x_amzn_tls_version_header_name": null,
            "routing_http_response_access_control_allow_credentials_header_value": "",
            "routing_http_response_access_control_allow_headers_header_value": "",
            "routing_http_response_access_control_allow_methods_header_value": "",
            "routing_http_response_access_control_allow_origin_header_value": "",
            "routing_http_response_access_control_expose_headers_header_value": "",
            "routing_http_response_access_control_max_age_header_value": "",
            "routing_http_response_content_security_policy_header_value": "",
            "routing_http_response_server_enabled": true,
            "routing_http_response_strict_transport_security_header_value": "",
            "routing_http_response_x_content_type_options_header_value": "",
            "routing_http_response_x_frame_options_header_value": "",
            "ssl_policy": "",
            "tags": null,
            "tags_all": {},
            "tcp_idle_timeout_seconds": null,
            "timeouts": null
          },
          "sensitive_attributes": [],
          "private": "eyJlMmJmYjczMC1lY2FhLTExZTYtOGY4OC0zNDM2M2JjN2M0YzAiOnsiY3JlYXRlIjozMDAwMDAwMDAwMDAsInVwZGF0ZSI6MzAwMDAwMDAwMDAwfX0=",
          "dependencies": [
            "aws_lb.lb-tcc",
            "aws_lb_target_group.tg-tcc",
            "aws_security_group.sg-backend",
            "aws_subnet.public-tcc-east_1a",
            "aws_subnet.public-tcc-east_1b",
            "aws_vpc.vpc-tcc",
            "aws_vpc_ipv4_cidr_block_association.vpc-tcc_additional_cidr"
          ]
        }
      ]
    },
    {
      "mode": "managed",
      "type": "aws_lb_target_group",
      "name": "tg-tcc",
      "provider": "provider[\"registry.terraform.io/hashicorp/aws\"]",
      "instances": [
        {
          "schema_version": 0,
          "attributes": {
            "arn": "arn:aws:elasticloadbalancing:us-east-1:142712539440:targetgroup/tcc-target-group/5586db0feaa44252",
            "arn_suffix": "targetgroup/tcc-target-group/5586db0feaa44252",
            "connection_termination": null,
            "deregistration_delay": "300",
            "health_check": [
              {
                "enabled": true,
                "healthy_threshold": 5,
                "interval": 30,
                "matcher": "200",
                "path": "/",
                "port": "traffic-port",
                "protocol": "HTTP",
                "timeout": 5,
                "unhealthy_threshold": 2
              }
            ],
            "id": "arn:aws:elasticloadbalancing:us-east-1:142712539440:targetgroup/tcc-target-group/5586db0feaa44252",
            "ip_address_type": "ipv4",
            "lambda_multi_value_headers_enabled": false,
            "load_balancer_arns": [],
            "load_balancing_algorithm_type": "round_robin",
            "load_balancing_anomaly_mitigation": "off",
            "load_balancing_cross_zone_enabled": "use_load_balancer_configuration",
            "name": "tcc-target-group",
            "name_prefix": "",
            "port": 8000,
            "preserve_client_ip": null,
            "protocol": "HTTP",
            "protocol_version": "HTTP1",
            "proxy_protocol_v2": false,
            "slow_start": 0,
            "stickiness": [
              {
                "cookie_duration": 86400,
                "cookie_name": "",
                "enabled": false,
                "type": "lb_cookie"
              }
            ],
            "tags": {},
            "tags_all": {},
            "target_failover": [
              {
                "on_deregistration": null,
                "on_unhealthy": null
              }
            ],
            "target_group_health": [
              {
                "dns_failover": [
                  {
                    "minimum_healthy_targets_count": "1",
                    "minimum_healthy_targets_percentage": "off"
                  }
                ],
                "unhealthy_state_routing": [
                  {
                    "minimum_healthy_targets_count": 1,
                    "minimum_healthy_targets_percentage": "off"
                  }
                ]
              }
            ],
            "target_health_state": [
              {
                "enable_unhealthy_connection_termination": null,
                "unhealthy_draining_interval": null
              }
            ],
            "target_type": "instance",
            "vpc_id": "vpc-054265500b103adc4"
          },
          "sensitive_attributes": [],
          "private": "bnVsbA==",
          "dependencies": [
            "aws_vpc.vpc-tcc"
          ]
        }
      ]
    },
    {
      "mode": "managed",
      "type": "aws_route_table",
      "name": "rtb-public",
      "provider": "provider[\"registry.terraform.io/hashicorp/aws\"]",
      "instances": [
        {
          "schema_version": 0,
          "attributes": {
            "arn": "arn:aws:ec2:us-east-1:142712539440:route-table/rtb-043f144624f1be253",
            "id": "rtb-043f144624f1be253",
            "owner_id": "142712539440",
            "propagating_vgws": [],
            "route": [
              {
                "carrier_gateway_id": "",
                "cidr_block": "0.0.0.0/0",
                "core_network_arn": "",
                "destination_prefix_list_id": "",
                "egress_only_gateway_id": "",
                "gateway_id": "igw-04233b2f9d54ff03a",
                "ipv6_cidr_block": "",
                "local_gateway_id": "",
                "nat_gateway_id": "",
                "network_interface_id": "",
                "transit_gateway_id": "",
                "vpc_endpoint_id": "",
                "vpc_peering_connection_id": ""
              }
            ],
            "tags": {
              "Name": "rtb-public"
            },
            "tags_all": {
              "Name": "rtb-public"
            },
            "timeouts": null,
            "vpc_id": "vpc-054265500b103adc4"
          },
          "sensitive_attributes": [],
          "private": "eyJlMmJmYjczMC1lY2FhLTExZTYtOGY4OC0zNDM2M2JjN2M0YzAiOnsiY3JlYXRlIjozMDAwMDAwMDAwMDAsImRlbGV0ZSI6MzAwMDAwMDAwMDAwLCJ1cGRhdGUiOjEyMDAwMDAwMDAwMH19",
          "dependencies": [
            "aws_internet_gateway.igw-tcc",
            "aws_vpc.vpc-tcc"
          ]
        }
      ]
    },
    {
      "mode": "managed",
      "type": "aws_route_table_association",
      "name": "rta-public-1a",
      "provider": "provider[\"registry.terraform.io/hashicorp/aws\"]",
      "instances": [
        {
          "schema_version": 0,
          "attributes": {
            "gateway_id": "",
            "id": "rtbassoc-05dad038021b321a6",
            "route_table_id": "rtb-043f144624f1be253",
            "subnet_id": "subnet-0f4a41aa9956a7e14",
            "timeouts": null
          },
          "sensitive_attributes": [],
          "private": "eyJlMmJmYjczMC1lY2FhLTExZTYtOGY4OC0zNDM2M2JjN2M0YzAiOnsiY3JlYXRlIjozMDAwMDAwMDAwMDAsImRlbGV0ZSI6MzAwMDAwMDAwMDAwLCJ1cGRhdGUiOjEyMDAwMDAwMDAwMH19",
          "dependencies": [
            "aws_internet_gateway.igw-tcc",
            "aws_route_table.rtb-public",
            "aws_subnet.public-tcc-east_1a",
            "aws_vpc.vpc-tcc"
          ]
        }
      ]
    },
    {
      "mode": "managed",
      "type": "aws_route_table_association",
      "name": "rta-public-1b",
      "provider": "provider[\"registry.terraform.io/hashicorp/aws\"]",
      "instances": [
        {
          "schema_version": 0,
          "attributes": {
            "gateway_id": "",
            "id": "rtbassoc-01fc699e763cb4f3f",
            "route_table_id": "rtb-043f144624f1be253",
            "subnet_id": "subnet-03a9d15625129f033",
            "timeouts": null
          },
          "sensitive_attributes": [],
          "private": "eyJlMmJmYjczMC1lY2FhLTExZTYtOGY4OC0zNDM2M2JjN2M0YzAiOnsiY3JlYXRlIjozMDAwMDAwMDAwMDAsImRlbGV0ZSI6MzAwMDAwMDAwMDAwLCJ1cGRhdGUiOjEyMDAwMDAwMDAwMH19",
          "dependencies": [
            "aws_internet_gateway.igw-tcc",
            "aws_route_table.rtb-public",
            "aws_subnet.public-tcc-east_1b",
            "aws_vpc.vpc-tcc",
            "aws_vpc_ipv4_cidr_block_association.vpc-tcc_additional_cidr"
          ]
        }
      ]
    },
    {
      "mode": "managed",
      "type": "aws_s3_bucket",
      "name": "s3-original",
      "provider": "provider[\"registry.terraform.io/hashicorp/aws\"]",
      "instances": [
        {
          "schema_version": 0,
          "attributes": {
            "acceleration_status": "",
            "acl": null,
            "arn": "arn:aws:s3:::imagem-original-5ab0d19b",
            "bucket": "imagem-original-5ab0d19b",
            "bucket_domain_name": "imagem-original-5ab0d19b.s3.amazonaws.com",
            "bucket_prefix": "",
            "bucket_regional_domain_name": "imagem-original-5ab0d19b.s3.us-east-1.amazonaws.com",
            "cors_rule": [],
            "force_destroy": false,
            "grant": [
              {
                "id": "65e68a3f1a70191e9b1915ec1da2a894c2ff6e1726582bc9474b26c38e1175c2",
                "permissions": [
                  "FULL_CONTROL"
                ],
                "type": "CanonicalUser",
                "uri": ""
              }
            ],
            "hosted_zone_id": "Z3AQBSTGFYJSTF",
            "id": "imagem-original-5ab0d19b",
            "lifecycle_rule": [],
            "logging": [],
            "object_lock_configuration": [],
            "object_lock_enabled": false,
            "policy": "",
            "region": "us-east-1",
            "replication_configuration": [],
            "request_payer": "BucketOwner",
            "server_side_encryption_configuration": [
              {
                "rule": [
                  {
                    "apply_server_side_encryption_by_default": [
                      {
                        "kms_master_key_id": "",
                        "sse_algorithm": "AES256"
                      }
                    ],
                    "bucket_key_enabled": false
                  }
                ]
              }
            ],
            "tags": {},
            "tags_all": {},
            "timeouts": null,
            "versioning": [
              {
                "enabled": false,
                "mfa_delete": false
              }
            ],
            "website": [],
            "website_domain": null,
            "website_endpoint": null
          },
          "sensitive_attributes": [],
          "private": "eyJlMmJmYjczMC1lY2FhLTExZTYtOGY4OC0zNDM2M2JjN2M0YzAiOnsiY3JlYXRlIjoxMjAwMDAwMDAwMDAwLCJkZWxldGUiOjM2MDAwMDAwMDAwMDAsInJlYWQiOjEyMDAwMDAwMDAwMDAsInVwZGF0ZSI6MTIwMDAwMDAwMDAwMH19",
          "dependencies": [
            "random_id.suffix"
          ]
        }
      ]
    },
    {
      "mode": "managed",
      "type": "aws_s3_bucket",
      "name": "s3-reconhecida",
      "provider": "provider[\"registry.terraform.io/hashicorp/aws\"]",
      "instances": [
        {
          "schema_version": 0,
          "attributes": {
            "acceleration_status": "",
            "acl": null,
            "arn": "arn:aws:s3:::imagem-reconhecida-5ab0d19b",
            "bucket": "imagem-reconhecida-5ab0d19b",
            "bucket_domain_name": "imagem-reconhecida-5ab0d19b.s3.amazonaws.com",
            "bucket_prefix": "",
            "bucket_regional_domain_name": "imagem-reconhecida-5ab0d19b.s3.us-east-1.amazonaws.com",
            "cors_rule": [],
            "force_destroy": false,
            "grant": [
              {
                "id": "65e68a3f1a70191e9b1915ec1da2a894c2ff6e1726582bc9474b26c38e1175c2",
                "permissions": [
                  "FULL_CONTROL"
                ],
                "type": "CanonicalUser",
                "uri": ""
              }
            ],
            "hosted_zone_id": "Z3AQBSTGFYJSTF",
            "id": "imagem-reconhecida-5ab0d19b",
            "lifecycle_rule": [],
            "logging": [],
            "object_lock_configuration": [],
            "object_lock_enabled": false,
            "policy": "",
            "region": "us-east-1",
            "replication_configuration": [],
            "request_payer": "BucketOwner",
            "server_side_encryption_configuration": [
              {
                "rule": [
                  {
                    "apply_server_side_encryption_by_default": [
                      {
                        "kms_master_key_id": "",
                        "sse_algorithm": "AES256"
                      }
                    ],
                    "bucket_key_enabled": false
                  }
                ]
              }
            ],
            "tags": {},
            "tags_all": {},
            "timeouts": null,
            "versioning": [
              {
                "enabled": false,
                "mfa_delete": false
              }
            ],
            "website": [],
            "website_domain": null,
            "website_endpoint": null
          },
          "sensitive_attributes": [],
          "private": "eyJlMmJmYjczMC1lY2FhLTExZTYtOGY4OC0zNDM2M2JjN2M0YzAiOnsiY3JlYXRlIjoxMjAwMDAwMDAwMDAwLCJkZWxldGUiOjM2MDAwMDAwMDAwMDAsInJlYWQiOjEyMDAwMDAwMDAwMDAsInVwZGF0ZSI6MTIwMDAwMDAwMDAwMH19",
          "dependencies": [
            "random_id.suffix"
          ]
        }
      ]
    },
    {
      "mode": "managed",
      "type": "aws_s3_bucket",
      "name": "s3-tratada",
      "provider": "provider[\"registry.terraform.io/hashicorp/aws\"]",
      "instances": [
        {
          "schema_version": 0,
          "attributes": {
            "acceleration_status": "",
            "acl": null,
            "arn": "arn:aws:s3:::imagem-tratada-5ab0d19b",
            "bucket": "imagem-tratada-5ab0d19b",
            "bucket_domain_name": "imagem-tratada-5ab0d19b.s3.amazonaws.com",
            "bucket_prefix": "",
            "bucket_regional_domain_name": "imagem-tratada-5ab0d19b.s3.us-east-1.amazonaws.com",
            "cors_rule": [],
            "force_destroy": false,
            "grant": [
              {
                "id": "65e68a3f1a70191e9b1915ec1da2a894c2ff6e1726582bc9474b26c38e1175c2",
                "permissions": [
                  "FULL_CONTROL"
                ],
                "type": "CanonicalUser",
                "uri": ""
              }
            ],
            "hosted_zone_id": "Z3AQBSTGFYJSTF",
            "id": "imagem-tratada-5ab0d19b",
            "lifecycle_rule": [],
            "logging": [],
            "object_lock_configuration": [],
            "object_lock_enabled": false,
            "policy": "",
            "region": "us-east-1",
            "replication_configuration": [],
            "request_payer": "BucketOwner",
            "server_side_encryption_configuration": [
              {
                "rule": [
                  {
                    "apply_server_side_encryption_by_default": [
                      {
                        "kms_master_key_id": "",
                        "sse_algorithm": "AES256"
                      }
                    ],
                    "bucket_key_enabled": false
                  }
                ]
              }
            ],
            "tags": {},
            "tags_all": {},
            "timeouts": null,
            "versioning": [
              {
                "enabled": false,
                "mfa_delete": false
              }
            ],
            "website": [],
            "website_domain": null,
            "website_endpoint": null
          },
          "sensitive_attributes": [],
          "private": "eyJlMmJmYjczMC1lY2FhLTExZTYtOGY4OC0zNDM2M2JjN2M0YzAiOnsiY3JlYXRlIjoxMjAwMDAwMDAwMDAwLCJkZWxldGUiOjM2MDAwMDAwMDAwMDAsInJlYWQiOjEyMDAwMDAwMDAwMDAsInVwZGF0ZSI6MTIwMDAwMDAwMDAwMH19",
          "dependencies": [
            "random_id.suffix"
          ]
        }
      ]
    },
    {
      "mode": "managed",
      "type": "aws_s3_bucket_notification",
      "name": "lambda_upload_image_notification",
      "provider": "provider[\"registry.terraform.io/hashicorp/aws\"]",
      "instances": [
        {
          "schema_version": 0,
          "attributes": {
            "bucket": "imagem-original-5ab0d19b",
            "eventbridge": false,
            "id": "imagem-original-5ab0d19b",
            "lambda_function": [
              {
                "events": [
                  "s3:ObjectCreated:Put"
                ],
                "filter_prefix": "",
                "filter_suffix": "",
                "id": "tf-s3-lambda-20251121213233818800000004",
                "lambda_function_arn": "arn:aws:lambda:us-east-1:142712539440:function:tratar_imagem_fluxo"
              }
            ],
            "queue": [],
            "topic": []
          },
          "sensitive_attributes": [],
          "private": "bnVsbA==",
          "dependencies": [
            "aws_lambda_function.lambda-fluxo_tratamento",
            "aws_lambda_permission.allow_s3_original",
            "aws_s3_bucket.s3-original",
            "aws_s3_bucket.s3-tratada",
            "aws_security_group.sg-lambda",
            "aws_subnet.public-tcc-east_1a",
            "aws_subnet.public-tcc-east_1b",
            "aws_vpc.vpc-tcc",
            "aws_vpc_ipv4_cidr_block_association.vpc-tcc_additional_cidr",
            "data.archive_file.lambda-fluxo_tratamento",
            "random_id.suffix"
          ]
        }
      ]
    },
    {
      "mode": "managed",
      "type": "aws_security_group",
      "name": "sg-backend",
      "provider": "provider[\"registry.terraform.io/hashicorp/aws\"]",
      "instances": [
        {
          "schema_version": 1,
          "attributes": {
            "arn": "arn:aws:ec2:us-east-1:142712539440:security-group/sg-0f2cd725843e919b6",
            "description": "Managed by Terraform",
            "egress": [
              {
                "cidr_blocks": [
                  "0.0.0.0/0"
                ],
                "description": "",
                "from_port": 0,
                "ipv6_cidr_blocks": [],
                "prefix_list_ids": [],
                "protocol": "-1",
                "security_groups": [],
                "self": false,
                "to_port": 0
              }
            ],
            "id": "sg-0f2cd725843e919b6",
            "ingress": [
              {
                "cidr_blocks": [
                  "0.0.0.0/0"
                ],
                "description": "",
                "from_port": 22,
                "ipv6_cidr_blocks": [],
                "prefix_list_ids": [],
                "protocol": "tcp",
                "security_groups": [],
                "self": false,
                "to_port": 22
              },
              {
                "cidr_blocks": [
                  "0.0.0.0/0"
                ],
                "description": "",
                "from_port": 443,
                "ipv6_cidr_blocks": [],
                "prefix_list_ids": [],
                "protocol": "tcp",
                "security_groups": [],
                "self": false,
                "to_port": 443
              },
              {
                "cidr_blocks": [
                  "0.0.0.0/0"
                ],
                "description": "",
                "from_port": 5432,
                "ipv6_cidr_blocks": [],
                "prefix_list_ids": [],
                "protocol": "tcp",
                "security_groups": [],
                "self": false,
                "to_port": 5432
              },
              {
                "cidr_blocks": [
                  "0.0.0.0/0"
                ],
                "description": "",
                "from_port": 80,
                "ipv6_cidr_blocks": [],
                "prefix_list_ids": [],
                "protocol": "tcp",
                "security_groups": [],
                "self": false,
                "to_port": 80
              }
            ],
            "name": "sg_backend20251121214944007900000001",
            "name_prefix": "sg_backend",
            "owner_id": "142712539440",
            "revoke_rules_on_delete": false,
            "tags": {
              "Environment": "prod",
              "Name": "sg-backend",
              "Product": "tcc"
            },
            "tags_all": {
              "Environment": "prod",
              "Name": "sg-backend",
              "Product": "tcc"
            },
            "timeouts": null,
            "vpc_id": "vpc-054265500b103adc4"
          },
          "sensitive_attributes": [],
          "private": "eyJlMmJmYjczMC1lY2FhLTExZTYtOGY4OC0zNDM2M2JjN2M0YzAiOnsiY3JlYXRlIjo2MDAwMDAwMDAwMDAsImRlbGV0ZSI6OTAwMDAwMDAwMDAwfSwic2NoZW1hX3ZlcnNpb24iOiIxIn0=",
          "dependencies": [
            "aws_vpc.vpc-tcc"
          ]
        }
      ]
    },
    {
      "mode": "managed",
      "type": "aws_security_group",
      "name": "sg-lambda",
      "provider": "provider[\"registry.terraform.io/hashicorp/aws\"]",
      "instances": [
        {
          "schema_version": 1,
          "attributes": {
            "arn": "arn:aws:ec2:us-east-1:142712539440:security-group/sg-087fcee0256090f19",
            "description": "Managed by Terraform",
            "egress": [
              {
                "cidr_blocks": [
                  "0.0.0.0/0"
                ],
                "description": "",
                "from_port": 0,
                "ipv6_cidr_blocks": [],
                "prefix_list_ids": [],
                "protocol": "-1",
                "security_groups": [],
                "self": false,
                "to_port": 0
              }
            ],
            "id": "sg-087fcee0256090f19",
            "ingress": [
              {
                "cidr_blocks": [],
                "description": "",
                "from_port": 0,
                "ipv6_cidr_blocks": [],
                "prefix_list_ids": [],
                "protocol": "-1",
                "security_groups": [],
                "self": false,
                "to_port": 0
              }
            ],
            "name": "sg_lambda20251121212823627100000001",
            "name_prefix": "sg_lambda",
            "owner_id": "142712539440",
            "revoke_rules_on_delete": false,
            "tags": {
              "Environment": "prod",
              "Name": "sg-lambda",
              "Product": "tcc"
            },
            "tags_all": {
              "Environment": "prod",
              "Name": "sg-lambda",
              "Product": "tcc"
            },
            "timeouts": null,
            "vpc_id": "vpc-054265500b103adc4"
          },
          "sensitive_attributes": [],
          "private": "eyJlMmJmYjczMC1lY2FhLTExZTYtOGY4OC0zNDM2M2JjN2M0YzAiOnsiY3JlYXRlIjo2MDAwMDAwMDAwMDAsImRlbGV0ZSI6OTAwMDAwMDAwMDAwfSwic2NoZW1hX3ZlcnNpb24iOiIxIn0=",
          "dependencies": [
            "aws_vpc.vpc-tcc"
          ]
        }
      ]
    },
    {
      "mode": "managed",
      "type": "aws_subnet",
      "name": "public-tcc-east_1a",
      "provider": "provider[\"registry.terraform.io/hashicorp/aws\"]",
      "instances": [
        {
          "schema_version": 1,
          "attributes": {
            "arn": "arn:aws:ec2:us-east-1:142712539440:subnet/subnet-0f4a41aa9956a7e14",
            "assign_ipv6_address_on_creation": false,
            "availability_zone": "us-east-1a",
            "availability_zone_id": "use1-az6",
            "cidr_block": "10.0.0.0/28",
            "customer_owned_ipv4_pool": "",
            "enable_dns64": false,
            "enable_lni_at_device_index": 0,
            "enable_resource_name_dns_a_record_on_launch": false,
            "enable_resource_name_dns_aaaa_record_on_launch": false,
            "id": "subnet-0f4a41aa9956a7e14",
            "ipv6_cidr_block": "",
            "ipv6_cidr_block_association_id": "",
            "ipv6_native": false,
            "map_customer_owned_ip_on_launch": false,
            "map_public_ip_on_launch": true,
            "outpost_arn": "",
            "owner_id": "142712539440",
            "private_dns_hostname_type_on_launch": "ip-name",
            "tags": {
              "Environment": "prod",
              "Name": "subnet_public-east_1a",
              "Product": "tcc"
            },
            "tags_all": {
              "Environment": "prod",
              "Name": "subnet_public-east_1a",
              "Product": "tcc"
            },
            "timeouts": null,
            "vpc_id": "vpc-054265500b103adc4"
          },
          "sensitive_attributes": [],
          "private": "eyJlMmJmYjczMC1lY2FhLTExZTYtOGY4OC0zNDM2M2JjN2M0YzAiOnsiY3JlYXRlIjo2MDAwMDAwMDAwMDAsImRlbGV0ZSI6MTIwMDAwMDAwMDAwMH0sInNjaGVtYV92ZXJzaW9uIjoiMSJ9",
          "dependencies": [
            "aws_vpc.vpc-tcc"
          ]
        }
      ]
    },
    {
      "mode": "managed",
      "type": "aws_subnet",
      "name": "public-tcc-east_1b",
      "provider": "provider[\"registry.terraform.io/hashicorp/aws\"]",
      "instances": [
        {
          "schema_version": 1,
          "attributes": {
            "arn": "arn:aws:ec2:us-east-1:142712539440:subnet/subnet-03a9d15625129f033",
            "assign_ipv6_address_on_creation": false,
            "availability_zone": "us-east-1b",
            "availability_zone_id": "use1-az1",
            "cidr_block": "10.1.0.0/28",
            "customer_owned_ipv4_pool": "",
            "enable_dns64": false,
            "enable_lni_at_device_index": 0,
            "enable_resource_name_dns_a_record_on_launch": false,
            "enable_resource_name_dns_aaaa_record_on_launch": false,
            "id": "subnet-03a9d15625129f033",
            "ipv6_cidr_block": "",
            "ipv6_cidr_block_association_id": "",
            "ipv6_native": false,
            "map_customer_owned_ip_on_launch": false,
            "map_public_ip_on_launch": true,
            "outpost_arn": "",
            "owner_id": "142712539440",
            "private_dns_hostname_type_on_launch": "ip-name",
            "tags": {
              "Environment": "prod",
              "Name": "subnet_public-east_1b",
              "Product": "tcc"
            },
            "tags_all": {
              "Environment": "prod",
              "Name": "subnet_public-east_1b",
              "Product": "tcc"
            },
            "timeouts": null,
            "vpc_id": "vpc-054265500b103adc4"
          },
          "sensitive_attributes": [],
          "private": "eyJlMmJmYjczMC1lY2FhLTExZTYtOGY4OC0zNDM2M2JjN2M0YzAiOnsiY3JlYXRlIjo2MDAwMDAwMDAwMDAsImRlbGV0ZSI6MTIwMDAwMDAwMDAwMH0sInNjaGVtYV92ZXJzaW9uIjoiMSJ9",
          "dependencies": [
            "aws_vpc.vpc-tcc",
            "aws_vpc_ipv4_cidr_block_association.vpc-tcc_additional_cidr"
          ]
        }
      ]
    },
    {
      "mode": "managed",
      "type": "aws_vpc",
      "name": "vpc-tcc",
      "provider": "provider[\"registry.terraform.io/hashicorp/aws\"]",
      "instances": [
        {
          "schema_version": 1,
          "attributes": {
            "arn": "arn:aws:ec2:us-east-1:142712539440:vpc/vpc-054265500b103adc4",
            "assign_generated_ipv6_cidr_block": false,
            "cidr_block": "10.0.0.0/26",
            "default_network_acl_id": "acl-0c597d4e7570298aa",
            "default_route_table_id": "rtb-04a910866b0ee02c4",
            "default_security_group_id": "sg-0886b0753ca98bcd8",
            "dhcp_options_id": "dopt-0469ee56786f1bbdd",
            "enable_dns_hostnames": true,
            "enable_dns_support": true,
            "enable_network_address_usage_metrics": false,
            "id": "vpc-054265500b103adc4",
            "instance_tenancy": "default",
            "ipv4_ipam_pool_id": null,
            "ipv4_netmask_length": null,
            "ipv6_association_id": "",
            "ipv6_cidr_block": "",
            "ipv6_cidr_block_network_border_group": "",
            "ipv6_ipam_pool_id": "",
            "ipv6_netmask_length": 0,
            "main_route_table_id": "rtb-04a910866b0ee02c4",
            "owner_id": "142712539440",
            "tags": {
              "Environment": "prod",
              "Name": "vpc-tcc",
              "Product": "tcc"
            },
            "tags_all": {
              "Environment": "prod",
              "Name": "vpc-tcc",
              "Product": "tcc"
            }
          },
          "sensitive_attributes": [],
          "private": "eyJzY2hlbWFfdmVyc2lvbiI6IjEifQ=="
        }
      ]
    },
    {
      "mode": "managed",
      "type": "aws_vpc_ipv4_cidr_block_association",
      "name": "vpc-tcc_additional_cidr",
      "provider": "provider[\"registry.terraform.io/hashicorp/aws\"]",
      "instances": [
        {
          "schema_version": 0,
          "attributes": {
            "cidr_block": "10.1.0.0/26",
            "id": "vpc-cidr-assoc-08dddabd93a576bec",
            "ipv4_ipam_pool_id": null,
            "ipv4_netmask_length": null,
            "timeouts": null,
            "vpc_id": "vpc-054265500b103adc4"
          },
          "sensitive_attributes": [],
          "private": "eyJlMmJmYjczMC1lY2FhLTExZTYtOGY4OC0zNDM2M2JjN2M0YzAiOnsiY3JlYXRlIjo2MDAwMDAwMDAwMDAsImRlbGV0ZSI6NjAwMDAwMDAwMDAwfX0=",
          "dependencies": [
            "aws_vpc.vpc-tcc"
          ]
        }
      ]
    },
    {
      "mode": "managed",
      "type": "random_id",
      "name": "suffix",
      "provider": "provider[\"registry.terraform.io/hashicorp/random\"]",
      "instances": [
        {
          "schema_version": 0,
          "attributes": {
            "b64_std": "WrDRmw==",
            "b64_url": "WrDRmw",
            "byte_length": 4,
            "dec": "1521537435",
            "hex": "5ab0d19b",
            "id": "WrDRmw",
            "keepers": null,
            "prefix": null
          },
          "sensitive_attributes": []
        }
      ]
    }
  ],
  "check_results": null
}
